
Microsoft Visual Studio Solution File, Format Version 12.00
# Visual Studio Version 16
VisualStudioVersion = 16.0.30309.148
MinimumVisualStudioVersion = 10.0.40219.1
Project("{FAE04EC0-301F-11D3-BF4B-00C04F79EFBC}") = "RelertSharp.Main", "RelertSharp.Main\RelertSharp.Main.csproj", "{8597C2BD-5421-4A66-958E-240768EA8A9A}"
EndProject
Project("{8BC9CEB8-8B4A-11D0-8D11-00A0C91BC942}") = "CncVxlRenderText", "cncimg\CncVxlRenderText.vcxproj", "{9B7B7BF6-17BF-4A8C-B515-8E6E74AF61B4}"
EndProject
Project("{FAE04EC0-301F-11D3-BF4B-00C04F79EFBC}") = "RelertSharp.Wpf", "RelertSharp.Wpf\RelertSharp.Wpf.csproj", "{77AC410B-0E9A-4BF7-A0D8-3877945CD29A}"
EndProject
Project("{FAE04EC0-301F-11D3-BF4B-00C04F79EFBC}") = "RelertSharp.Theme", "RelertSharp.Theme\RelertSharp.Theme.csproj", "{B99FDCB6-735A-45B2-A55C-745325AE54EA}"
EndProject
Global
	GlobalSection(SolutionConfigurationPlatforms) = preSolution
		Debug|Any CPU = Debug|Any CPU
		Debug|ARM = Debug|ARM
		Debug|ARM64 = Debug|ARM64
		Debug|x64 = Debug|x64
		Debug|x86 = Debug|x86
		OnPublic|Any CPU = OnPublic|Any CPU
		OnPublic|ARM = OnPublic|ARM
		OnPublic|ARM64 = OnPublic|ARM64
		OnPublic|x64 = OnPublic|x64
		OnPublic|x86 = OnPublic|x86
		Release|Any CPU = Release|Any CPU
		Release|ARM = Release|ARM
		Release|ARM64 = Release|ARM64
		Release|x64 = Release|x64
		Release|x86 = Release|x86
		ReleaseExe|Any CPU = ReleaseExe|Any CPU
		ReleaseExe|ARM = ReleaseExe|ARM
		ReleaseExe|ARM64 = ReleaseExe|ARM64
		ReleaseExe|x64 = ReleaseExe|x64
		ReleaseExe|x86 = ReleaseExe|x86
	EndGlobalSection
	GlobalSection(ProjectConfigurationPlatforms) = postSolution
		{8597C2BD-5421-4A66-958E-240768EA8A9A}.Debug|Any CPU.ActiveCfg = Debug|Any CPU
		{8597C2BD-5421-4A66-958E-240768EA8A9A}.Debug|Any CPU.Build.0 = Debug|Any CPU
		{8597C2BD-5421-4A66-958E-240768EA8A9A}.Debug|ARM.ActiveCfg = Debug|Any CPU
		{8597C2BD-5421-4A66-958E-240768EA8A9A}.Debug|ARM.Build.0 = Debug|Any CPU
		{8597C2BD-5421-4A66-958E-240768EA8A9A}.Debug|ARM64.ActiveCfg = Debug|Any CPU
		{8597C2BD-5421-4A66-958E-240768EA8A9A}.Debug|ARM64.Build.0 = Debug|Any CPU
		{8597C2BD-5421-4A66-958E-240768EA8A9A}.Debug|x64.ActiveCfg = Debug|Any CPU
		{8597C2BD-5421-4A66-958E-240768EA8A9A}.Debug|x64.Build.0 = Debug|Any CPU
		{8597C2BD-5421-4A66-958E-240768EA8A9A}.Debug|x86.ActiveCfg = Debug|Any CPU
		{8597C2BD-5421-4A66-958E-240768EA8A9A}.Debug|x86.Build.0 = Debug|Any CPU
		{8597C2BD-5421-4A66-958E-240768EA8A9A}.OnPublic|Any CPU.ActiveCfg = OnPublic|Any CPU
		{8597C2BD-5421-4A66-958E-240768EA8A9A}.OnPublic|Any CPU.Build.0 = OnPublic|Any CPU
		{8597C2BD-5421-4A66-958E-240768EA8A9A}.OnPublic|ARM.ActiveCfg = OnPublic|Any CPU
		{8597C2BD-5421-4A66-958E-240768EA8A9A}.OnPublic|ARM.Build.0 = OnPublic|Any CPU
		{8597C2BD-5421-4A66-958E-240768EA8A9A}.OnPublic|ARM64.ActiveCfg = OnPublic|Any CPU
		{8597C2BD-5421-4A66-958E-240768EA8A9A}.OnPublic|ARM64.Build.0 = OnPublic|Any CPU
		{8597C2BD-5421-4A66-958E-240768EA8A9A}.OnPublic|x64.ActiveCfg = OnPublic|Any CPU
		{8597C2BD-5421-4A66-958E-240768EA8A9A}.OnPublic|x64.Build.0 = OnPublic|Any CPU
		{8597C2BD-5421-4A66-958E-240768EA8A9A}.OnPublic|x86.ActiveCfg = OnPublic|x86
		{8597C2BD-5421-4A66-958E-240768EA8A9A}.OnPublic|x86.Build.0 = OnPublic|x86
		{8597C2BD-5421-4A66-958E-240768EA8A9A}.Release|Any CPU.ActiveCfg = Release|Any CPU
		{8597C2BD-5421-4A66-958E-240768EA8A9A}.Release|Any CPU.Build.0 = Release|Any CPU
		{8597C2BD-5421-4A66-958E-240768EA8A9A}.Release|ARM.ActiveCfg = Release|Any CPU
		{8597C2BD-5421-4A66-958E-240768EA8A9A}.Release|ARM.Build.0 = Release|Any CPU
		{8597C2BD-5421-4A66-958E-240768EA8A9A}.Release|ARM64.ActiveCfg = Release|Any CPU
		{8597C2BD-5421-4A66-958E-240768EA8A9A}.Release|ARM64.Build.0 = Release|Any CPU
		{8597C2BD-5421-4A66-958E-240768EA8A9A}.Release|x64.ActiveCfg = Release|Any CPU
		{8597C2BD-5421-4A66-958E-240768EA8A9A}.Release|x64.Build.0 = Release|Any CPU
		{8597C2BD-5421-4A66-958E-240768EA8A9A}.Release|x86.ActiveCfg = Release|Any CPU
		{8597C2BD-5421-4A66-958E-240768EA8A9A}.Release|x86.Build.0 = Release|Any CPU
		{8597C2BD-5421-4A66-958E-240768EA8A9A}.ReleaseExe|Any CPU.ActiveCfg = Release|Any CPU
		{8597C2BD-5421-4A66-958E-240768EA8A9A}.ReleaseExe|Any CPU.Build.0 = Release|Any CPU
		{8597C2BD-5421-4A66-958E-240768EA8A9A}.ReleaseExe|ARM.ActiveCfg = Release|Any CPU
		{8597C2BD-5421-4A66-958E-240768EA8A9A}.ReleaseExe|ARM.Build.0 = Release|Any CPU
		{8597C2BD-5421-4A66-958E-240768EA8A9A}.ReleaseExe|ARM64.ActiveCfg = Release|Any CPU
		{8597C2BD-5421-4A66-958E-240768EA8A9A}.ReleaseExe|ARM64.Build.0 = Release|Any CPU
		{8597C2BD-5421-4A66-958E-240768EA8A9A}.ReleaseExe|x64.ActiveCfg = Release|Any CPU
		{8597C2BD-5421-4A66-958E-240768EA8A9A}.ReleaseExe|x64.Build.0 = Release|Any CPU
		{8597C2BD-5421-4A66-958E-240768EA8A9A}.ReleaseExe|x86.ActiveCfg = Release|x86
		{8597C2BD-5421-4A66-958E-240768EA8A9A}.ReleaseExe|x86.Build.0 = Release|x86
		{9B7B7BF6-17BF-4A8C-B515-8E6E74AF61B4}.Debug|Any CPU.ActiveCfg = Debug|Win32
		{9B7B7BF6-17BF-4A8C-B515-8E6E74AF61B4}.Debug|ARM.ActiveCfg = Debug|Win32
		{9B7B7BF6-17BF-4A8C-B515-8E6E74AF61B4}.Debug|ARM64.ActiveCfg = Debug|Win32
		{9B7B7BF6-17BF-4A8C-B515-8E6E74AF61B4}.Debug|x64.ActiveCfg = Debug|x64
		{9B7B7BF6-17BF-4A8C-B515-8E6E74AF61B4}.Debug|x64.Build.0 = Debug|x64
		{9B7B7BF6-17BF-4A8C-B515-8E6E74AF61B4}.Debug|x86.ActiveCfg = Release|Win32
		{9B7B7BF6-17BF-4A8C-B515-8E6E74AF61B4}.Debug|x86.Build.0 = Release|Win32
		{9B7B7BF6-17BF-4A8C-B515-8E6E74AF61B4}.OnPublic|Any CPU.ActiveCfg = OnPublic|x64
		{9B7B7BF6-17BF-4A8C-B515-8E6E74AF61B4}.OnPublic|ARM.ActiveCfg = OnPublic|x64
		{9B7B7BF6-17BF-4A8C-B515-8E6E74AF61B4}.OnPublic|ARM64.ActiveCfg = OnPublic|x64
		{9B7B7BF6-17BF-4A8C-B515-8E6E74AF61B4}.OnPublic|x64.ActiveCfg = OnPublic|x64
		{9B7B7BF6-17BF-4A8C-B515-8E6E74AF61B4}.OnPublic|x64.Build.0 = OnPublic|x64
		{9B7B7BF6-17BF-4A8C-B515-8E6E74AF61B4}.OnPublic|x86.ActiveCfg = Release|Win32
		{9B7B7BF6-17BF-4A8C-B515-8E6E74AF61B4}.OnPublic|x86.Build.0 = Release|Win32
		{9B7B7BF6-17BF-4A8C-B515-8E6E74AF61B4}.Release|Any CPU.ActiveCfg = Release|Win32
		{9B7B7BF6-17BF-4A8C-B515-8E6E74AF61B4}.Release|ARM.ActiveCfg = Release|Win32
		{9B7B7BF6-17BF-4A8C-B515-8E6E74AF61B4}.Release|ARM64.ActiveCfg = Release|Win32
		{9B7B7BF6-17BF-4A8C-B515-8E6E74AF61B4}.Release|x64.ActiveCfg = Release|x64
		{9B7B7BF6-17BF-4A8C-B515-8E6E74AF61B4}.Release|x64.Build.0 = Release|x64
		{9B7B7BF6-17BF-4A8C-B515-8E6E74AF61B4}.Release|x86.ActiveCfg = Release|Win32
		{9B7B7BF6-17BF-4A8C-B515-8E6E74AF61B4}.Release|x86.Build.0 = Release|Win32
		{9B7B7BF6-17BF-4A8C-B515-8E6E74AF61B4}.ReleaseExe|Any CPU.ActiveCfg = ReleaseExe|Win32
		{9B7B7BF6-17BF-4A8C-B515-8E6E74AF61B4}.ReleaseExe|ARM.ActiveCfg = ReleaseExe|Win32
		{9B7B7BF6-17BF-4A8C-B515-8E6E74AF61B4}.ReleaseExe|ARM64.ActiveCfg = ReleaseExe|Win32
		{9B7B7BF6-17BF-4A8C-B515-8E6E74AF61B4}.ReleaseExe|x64.ActiveCfg = ReleaseExe|x64
		{9B7B7BF6-17BF-4A8C-B515-8E6E74AF61B4}.ReleaseExe|x86.ActiveCfg = ReleaseExe|Win32
		{77AC410B-0E9A-4BF7-A0D8-3877945CD29A}.Debug|Any CPU.ActiveCfg = Debug|Any CPU
		{77AC410B-0E9A-4BF7-A0D8-3877945CD29A}.Debug|Any CPU.Build.0 = Debug|Any CPU
		{77AC410B-0E9A-4BF7-A0D8-3877945CD29A}.Debug|ARM.ActiveCfg = Debug|Any CPU
		{77AC410B-0E9A-4BF7-A0D8-3877945CD29A}.Debug|ARM.Build.0 = Debug|Any CPU
		{77AC410B-0E9A-4BF7-A0D8-3877945CD29A}.Debug|ARM64.ActiveCfg = Debug|Any CPU
		{77AC410B-0E9A-4BF7-A0D8-3877945CD29A}.Debug|ARM64.Build.0 = Debug|Any CPU
		{77AC410B-0E9A-4BF7-A0D8-3877945CD29A}.Debug|x64.ActiveCfg = Debug|Any CPU
		{77AC410B-0E9A-4BF7-A0D8-3877945CD29A}.Debug|x64.Build.0 = Debug|Any CPU
		{77AC410B-0E9A-4BF7-A0D8-3877945CD29A}.Debug|x86.ActiveCfg = Debug|Any CPU
		{77AC410B-0E9A-4BF7-A0D8-3877945CD29A}.Debug|x86.Build.0 = Debug|Any CPU
		{77AC410B-0E9A-4BF7-A0D8-3877945CD29A}.OnPublic|Any CPU.ActiveCfg = Debug|Any CPU
		{77AC410B-0E9A-4BF7-A0D8-3877945CD29A}.OnPublic|Any CPU.Build.0 = Debug|Any CPU
		{77AC410B-0E9A-4BF7-A0D8-3877945CD29A}.OnPublic|ARM.ActiveCfg = Debug|Any CPU
		{77AC410B-0E9A-4BF7-A0D8-3877945CD29A}.OnPublic|ARM.Build.0 = Debug|Any CPU
		{77AC410B-0E9A-4BF7-A0D8-3877945CD29A}.OnPublic|ARM64.ActiveCfg = Debug|Any CPU
		{77AC410B-0E9A-4BF7-A0D8-3877945CD29A}.OnPublic|ARM64.Build.0 = Debug|Any CPU
		{77AC410B-0E9A-4BF7-A0D8-3877945CD29A}.OnPublic|x64.ActiveCfg = Debug|Any CPU
		{77AC410B-0E9A-4BF7-A0D8-3877945CD29A}.OnPublic|x64.Build.0 = Debug|Any CPU
		{77AC410B-0E9A-4BF7-A0D8-3877945CD29A}.OnPublic|x86.ActiveCfg = Debug|Any CPU
		{77AC410B-0E9A-4BF7-A0D8-3877945CD29A}.OnPublic|x86.Build.0 = Debug|Any CPU
		{77AC410B-0E9A-4BF7-A0D8-3877945CD29A}.Release|Any CPU.ActiveCfg = Release|Any CPU
		{77AC410B-0E9A-4BF7-A0D8-3877945CD29A}.Release|Any CPU.Build.0 = Release|Any CPU
		{77AC410B-0E9A-4BF7-A0D8-3877945CD29A}.Release|ARM.ActiveCfg = Release|Any CPU
		{77AC410B-0E9A-4BF7-A0D8-3877945CD29A}.Release|ARM.Build.0 = Release|Any CPU
		{77AC410B-0E9A-4BF7-A0D8-3877945CD29A}.Release|ARM64.ActiveCfg = Release|Any CPU
		{77AC410B-0E9A-4BF7-A0D8-3877945CD29A}.Release|ARM64.Build.0 = Release|Any CPU
		{77AC410B-0E9A-4BF7-A0D8-3877945CD29A}.Release|x64.ActiveCfg = Release|Any CPU
		{77AC410B-0E9A-4BF7-A0D8-3877945CD29A}.Release|x64.Build.0 = Release|Any CPU
		{77AC410B-0E9A-4BF7-A0D8-3877945CD29A}.Release|x86.ActiveCfg = Release|Any CPU
		{77AC410B-0E9A-4BF7-A0D8-3877945CD29A}.Release|x86.Build.0 = Release|Any CPU
		{77AC410B-0E9A-4BF7-A0D8-3877945CD29A}.ReleaseExe|Any CPU.ActiveCfg = Release|Any CPU
		{77AC410B-0E9A-4BF7-A0D8-3877945CD29A}.ReleaseExe|Any CPU.Build.0 = Release|Any CPU
		{77AC410B-0E9A-4BF7-A0D8-3877945CD29A}.ReleaseExe|ARM.ActiveCfg = Release|Any CPU
		{77AC410B-0E9A-4BF7-A0D8-3877945CD29A}.ReleaseExe|ARM.Build.0 = Release|Any CPU
		{77AC410B-0E9A-4BF7-A0D8-3877945CD29A}.ReleaseExe|ARM64.ActiveCfg = Release|Any CPU
		{77AC410B-0E9A-4BF7-A0D8-3877945CD29A}.ReleaseExe|ARM64.Build.0 = Release|Any CPU
		{77AC410B-0E9A-4BF7-A0D8-3877945CD29A}.ReleaseExe|x64.ActiveCfg = Release|Any CPU
		{77AC410B-0E9A-4BF7-A0D8-3877945CD29A}.ReleaseExe|x64.Build.0 = Release|Any CPU
		{77AC410B-0E9A-4BF7-A0D8-3877945CD29A}.ReleaseExe|x86.ActiveCfg = Release|Any CPU
		{77AC410B-0E9A-4BF7-A0D8-3877945CD29A}.ReleaseExe|x86.Build.0 = Release|Any CPU
		{B99FDCB6-735A-45B2-A55C-745325AE54EA}.Debug|Any CPU.ActiveCfg = Debug|Any CPU
		{B99FDCB6-735A-45B2-A55C-745325AE54EA}.Debug|Any CPU.Build.0 = Debug|Any CPU
		{B99FDCB6-735A-45B2-A55C-745325AE54EA}.Debug|ARM.ActiveCfg = Debug|Any CPU
		{B99FDCB6-735A-45B2-A55C-745325AE54EA}.Debug|ARM.Build.0 = Debug|Any CPU
		{B99FDCB6-735A-45B2-A55C-745325AE54EA}.Debug|ARM64.ActiveCfg = Debug|Any CPU
		{B99FDCB6-735A-45B2-A55C-745325AE54EA}.Debug|ARM64.Build.0 = Debug|Any CPU
		{B99FDCB6-735A-45B2-A55C-745325AE54EA}.Debug|x64.ActiveCfg = Debug|Any CPU
		{B99FDCB6-735A-45B2-A55C-745325AE54EA}.Debug|x64.Build.0 = Debug|Any CPU
		{B99FDCB6-735A-45B2-A55C-745325AE54EA}.Debug|x86.ActiveCfg = Debug|Any CPU
		{B99FDCB6-735A-45B2-A55C-745325AE54EA}.Debug|x86.Build.0 = Debug|Any CPU
		{B99FDCB6-735A-45B2-A55C-745325AE54EA}.OnPublic|Any CPU.ActiveCfg = Debug|Any CPU
		{B99FDCB6-735A-45B2-A55C-745325AE54EA}.OnPublic|Any CPU.Build.0 = Debug|Any CPU
		{B99FDCB6-735A-45B2-A55C-745325AE54EA}.OnPublic|ARM.ActiveCfg = Debug|Any CPU
		{B99FDCB6-735A-45B2-A55C-745325AE54EA}.OnPublic|ARM.Build.0 = Debug|Any CPU
		{B99FDCB6-735A-45B2-A55C-745325AE54EA}.OnPublic|ARM64.ActiveCfg = Debug|Any CPU
		{B99FDCB6-735A-45B2-A55C-745325AE54EA}.OnPublic|ARM64.Build.0 = Debug|Any CPU
		{B99FDCB6-735A-45B2-A55C-745325AE54EA}.OnPublic|x64.ActiveCfg = Debug|Any CPU
		{B99FDCB6-735A-45B2-A55C-745325AE54EA}.OnPublic|x64.Build.0 = Debug|Any CPU
		{B99FDCB6-735A-45B2-A55C-745325AE54EA}.OnPublic|x86.ActiveCfg = Debug|Any CPU
		{B99FDCB6-735A-45B2-A55C-745325AE54EA}.OnPublic|x86.Build.0 = Debug|Any CPU
		{B99FDCB6-735A-45B2-A55C-745325AE54EA}.Release|Any CPU.ActiveCfg = Release|Any CPU
		{B99FDCB6-735A-45B2-A55C-745325AE54EA}.Release|Any CPU.Build.0 = Release|Any CPU
		{B99FDCB6-735A-45B2-A55C-745325AE54EA}.Release|ARM.ActiveCfg = Release|Any CPU
		{B99FDCB6-735A-45B2-A55C-745325AE54EA}.Release|ARM.Build.0 = Release|Any CPU
		{B99FDCB6-735A-45B2-A55C-745325AE54EA}.Release|ARM64.ActiveCfg = Release|Any CPU
		{B99FDCB6-735A-45B2-A55C-745325AE54EA}.Release|ARM64.Build.0 = Release|Any CPU
		{B99FDCB6-735A-45B2-A55C-745325AE54EA}.Release|x64.ActiveCfg = Release|Any CPU
		{B99FDCB6-735A-45B2-A55C-745325AE54EA}.Release|x64.Build.0 = Release|Any CPU
		{B99FDCB6-735A-45B2-A55C-745325AE54EA}.Release|x86.ActiveCfg = Release|Any CPU
		{B99FDCB6-735A-45B2-A55C-745325AE54EA}.Release|x86.Build.0 = Release|Any CPU
		{B99FDCB6-735A-45B2-A55C-745325AE54EA}.ReleaseExe|Any CPU.ActiveCfg = Release|Any CPU
		{B99FDCB6-735A-45B2-A55C-745325AE54EA}.ReleaseExe|Any CPU.Build.0 = Release|Any CPU
		{B99FDCB6-735A-45B2-A55C-745325AE54EA}.ReleaseExe|ARM.ActiveCfg = Release|Any CPU
		{B99FDCB6-735A-45B2-A55C-745325AE54EA}.ReleaseExe|ARM.Build.0 = Release|Any CPU
		{B99FDCB6-735A-45B2-A55C-745325AE54EA}.ReleaseExe|ARM64.ActiveCfg = Release|Any CPU
		{B99FDCB6-735A-45B2-A55C-745325AE54EA}.ReleaseExe|ARM64.Build.0 = Release|Any CPU
		{B99FDCB6-735A-45B2-A55C-745325AE54EA}.ReleaseExe|x64.ActiveCfg = Release|Any CPU
		{B99FDCB6-735A-45B2-A55C-745325AE54EA}.ReleaseExe|x64.Build.0 = Release|Any CPU
		{B99FDCB6-735A-45B2-A55C-745325AE54EA}.ReleaseExe|x86.ActiveCfg = Release|Any CPU
		{B99FDCB6-735A-45B2-A55C-745325AE54EA}.ReleaseExe|x86.Build.0 = Release|Any CPU
	EndGlobalSection
	GlobalSection(SolutionProperties) = preSolution
		HideSolutionNode = FALSE
	EndGlobalSection
	GlobalSection(ExtensibilityGlobals) = postSolution
		SolutionGuid = {8C018022-5D30-4D11-A2F9-606B0398FC4B}
	EndGlobalSection
EndGlobal
