
Microsoft Visual Studio Solution File, Format Version 12.00
# Visual Studio 15
VisualStudioVersion = 15.0.26228.4
MinimumVisualStudioVersion = 10.0.40219.1
Project("{FAE04EC0-301F-11D3-BF4B-00C04F79EFBC}") = "RelertSharp.Main", "RelertSharp.Main\RelertSharp.Main.csproj", "{8597C2BD-5421-4A66-958E-240768EA8A9A}"
EndProject
Project("{FAE04EC0-301F-11D3-BF4B-00C04F79EFBC}") = "RelertSharp.GUI", "RelertSharp.GUI\RelertSharp.GUI.csproj", "{8616607F-80C7-4BD9-95D7-B0691EE3081B}"
EndProject
Project("{8BC9CEB8-8B4A-11D0-8D11-00A0C91BC942}") = "CncVxlRenderText", "cncimg\CncVxlRenderText.vcxproj", "{9B7B7BF6-17BF-4A8C-B515-8E6E74AF61B4}"
EndProject
Global
	GlobalSection(SolutionConfigurationPlatforms) = preSolution
		Debug|Any CPU = Debug|Any CPU
		Debug|ARM = Debug|ARM
		Debug|ARM64 = Debug|ARM64
		Debug|x64 = Debug|x64
		Debug|x86 = Debug|x86
		OnPublic|Any CPU = OnPublic|Any CPU
		OnPublic|ARM = OnPublic|ARM
		OnPublic|ARM64 = OnPublic|ARM64
		OnPublic|x64 = OnPublic|x64
		OnPublic|x86 = OnPublic|x86
		Release|Any CPU = Release|Any CPU
		Release|ARM = Release|ARM
		Release|ARM64 = Release|ARM64
		Release|x64 = Release|x64
		Release|x86 = Release|x86
	EndGlobalSection
	GlobalSection(ProjectConfigurationPlatforms) = postSolution
		{8597C2BD-5421-4A66-958E-240768EA8A9A}.Debug|Any CPU.ActiveCfg = Debug|Any CPU
		{8597C2BD-5421-4A66-958E-240768EA8A9A}.Debug|Any CPU.Build.0 = Debug|Any CPU
		{8597C2BD-5421-4A66-958E-240768EA8A9A}.Debug|ARM.ActiveCfg = Debug|Any CPU
		{8597C2BD-5421-4A66-958E-240768EA8A9A}.Debug|ARM.Build.0 = Debug|Any CPU
		{8597C2BD-5421-4A66-958E-240768EA8A9A}.Debug|ARM64.ActiveCfg = Debug|Any CPU
		{8597C2BD-5421-4A66-958E-240768EA8A9A}.Debug|ARM64.Build.0 = Debug|Any CPU
		{8597C2BD-5421-4A66-958E-240768EA8A9A}.Debug|x64.ActiveCfg = Debug|Any CPU
		{8597C2BD-5421-4A66-958E-240768EA8A9A}.Debug|x64.Build.0 = Debug|Any CPU
		{8597C2BD-5421-4A66-958E-240768EA8A9A}.Debug|x86.ActiveCfg = Debug|Any CPU
		{8597C2BD-5421-4A66-958E-240768EA8A9A}.Debug|x86.Build.0 = Debug|Any CPU
		{8597C2BD-5421-4A66-958E-240768EA8A9A}.OnPublic|Any CPU.ActiveCfg = OnPublic|Any CPU
		{8597C2BD-5421-4A66-958E-240768EA8A9A}.OnPublic|Any CPU.Build.0 = OnPublic|Any CPU
		{8597C2BD-5421-4A66-958E-240768EA8A9A}.OnPublic|ARM.ActiveCfg = OnPublic|Any CPU
		{8597C2BD-5421-4A66-958E-240768EA8A9A}.OnPublic|ARM.Build.0 = OnPublic|Any CPU
		{8597C2BD-5421-4A66-958E-240768EA8A9A}.OnPublic|ARM64.ActiveCfg = OnPublic|Any CPU
		{8597C2BD-5421-4A66-958E-240768EA8A9A}.OnPublic|ARM64.Build.0 = OnPublic|Any CPU
		{8597C2BD-5421-4A66-958E-240768EA8A9A}.OnPublic|x64.ActiveCfg = OnPublic|Any CPU
		{8597C2BD-5421-4A66-958E-240768EA8A9A}.OnPublic|x64.Build.0 = OnPublic|Any CPU
		{8597C2BD-5421-4A66-958E-240768EA8A9A}.OnPublic|x86.ActiveCfg = OnPublic|x86
		{8597C2BD-5421-4A66-958E-240768EA8A9A}.OnPublic|x86.Build.0 = OnPublic|x86
		{8597C2BD-5421-4A66-958E-240768EA8A9A}.Release|Any CPU.ActiveCfg = Release|Any CPU
		{8597C2BD-5421-4A66-958E-240768EA8A9A}.Release|Any CPU.Build.0 = Release|Any CPU
		{8597C2BD-5421-4A66-958E-240768EA8A9A}.Release|ARM.ActiveCfg = Release|Any CPU
		{8597C2BD-5421-4A66-958E-240768EA8A9A}.Release|ARM.Build.0 = Release|Any CPU
		{8597C2BD-5421-4A66-958E-240768EA8A9A}.Release|ARM64.ActiveCfg = Release|Any CPU
		{8597C2BD-5421-4A66-958E-240768EA8A9A}.Release|ARM64.Build.0 = Release|Any CPU
		{8597C2BD-5421-4A66-958E-240768EA8A9A}.Release|x64.ActiveCfg = Release|Any CPU
		{8597C2BD-5421-4A66-958E-240768EA8A9A}.Release|x64.Build.0 = Release|Any CPU
		{8597C2BD-5421-4A66-958E-240768EA8A9A}.Release|x86.ActiveCfg = Release|Any CPU
		{8597C2BD-5421-4A66-958E-240768EA8A9A}.Release|x86.Build.0 = Release|Any CPU
		{8616607F-80C7-4BD9-95D7-B0691EE3081B}.Debug|Any CPU.ActiveCfg = Debug|Any CPU
		{8616607F-80C7-4BD9-95D7-B0691EE3081B}.Debug|Any CPU.Build.0 = Debug|Any CPU
		{8616607F-80C7-4BD9-95D7-B0691EE3081B}.Debug|ARM.ActiveCfg = Debug|Any CPU
		{8616607F-80C7-4BD9-95D7-B0691EE3081B}.Debug|ARM.Build.0 = Debug|Any CPU
		{8616607F-80C7-4BD9-95D7-B0691EE3081B}.Debug|ARM64.ActiveCfg = Debug|Any CPU
		{8616607F-80C7-4BD9-95D7-B0691EE3081B}.Debug|ARM64.Build.0 = Debug|Any CPU
		{8616607F-80C7-4BD9-95D7-B0691EE3081B}.Debug|x64.ActiveCfg = Debug|Any CPU
		{8616607F-80C7-4BD9-95D7-B0691EE3081B}.Debug|x64.Build.0 = Debug|Any CPU
		{8616607F-80C7-4BD9-95D7-B0691EE3081B}.Debug|x86.ActiveCfg = Debug|Any CPU
		{8616607F-80C7-4BD9-95D7-B0691EE3081B}.Debug|x86.Build.0 = Debug|Any CPU
		{8616607F-80C7-4BD9-95D7-B0691EE3081B}.OnPublic|Any CPU.ActiveCfg = OnPublic|Any CPU
		{8616607F-80C7-4BD9-95D7-B0691EE3081B}.OnPublic|Any CPU.Build.0 = OnPublic|Any CPU
		{8616607F-80C7-4BD9-95D7-B0691EE3081B}.OnPublic|ARM.ActiveCfg = OnPublic|Any CPU
		{8616607F-80C7-4BD9-95D7-B0691EE3081B}.OnPublic|ARM.Build.0 = OnPublic|Any CPU
		{8616607F-80C7-4BD9-95D7-B0691EE3081B}.OnPublic|ARM64.ActiveCfg = OnPublic|Any CPU
		{8616607F-80C7-4BD9-95D7-B0691EE3081B}.OnPublic|ARM64.Build.0 = OnPublic|Any CPU
		{8616607F-80C7-4BD9-95D7-B0691EE3081B}.OnPublic|x64.ActiveCfg = OnPublic|Any CPU
		{8616607F-80C7-4BD9-95D7-B0691EE3081B}.OnPublic|x64.Build.0 = OnPublic|Any CPU
		{8616607F-80C7-4BD9-95D7-B0691EE3081B}.OnPublic|x86.ActiveCfg = OnPublic|x86
		{8616607F-80C7-4BD9-95D7-B0691EE3081B}.OnPublic|x86.Build.0 = OnPublic|x86
		{8616607F-80C7-4BD9-95D7-B0691EE3081B}.Release|Any CPU.ActiveCfg = Release|Any CPU
		{8616607F-80C7-4BD9-95D7-B0691EE3081B}.Release|Any CPU.Build.0 = Release|Any CPU
		{8616607F-80C7-4BD9-95D7-B0691EE3081B}.Release|ARM.ActiveCfg = Release|Any CPU
		{8616607F-80C7-4BD9-95D7-B0691EE3081B}.Release|ARM.Build.0 = Release|Any CPU
		{8616607F-80C7-4BD9-95D7-B0691EE3081B}.Release|ARM64.ActiveCfg = Release|Any CPU
		{8616607F-80C7-4BD9-95D7-B0691EE3081B}.Release|ARM64.Build.0 = Release|Any CPU
		{8616607F-80C7-4BD9-95D7-B0691EE3081B}.Release|x64.ActiveCfg = Release|Any CPU
		{8616607F-80C7-4BD9-95D7-B0691EE3081B}.Release|x64.Build.0 = Release|Any CPU
		{8616607F-80C7-4BD9-95D7-B0691EE3081B}.Release|x86.ActiveCfg = Release|Any CPU
		{8616607F-80C7-4BD9-95D7-B0691EE3081B}.Release|x86.Build.0 = Release|Any CPU
		{9B7B7BF6-17BF-4A8C-B515-8E6E74AF61B4}.Debug|Any CPU.ActiveCfg = Debug|Win32
		{9B7B7BF6-17BF-4A8C-B515-8E6E74AF61B4}.Debug|ARM.ActiveCfg = Debug|Win32
		{9B7B7BF6-17BF-4A8C-B515-8E6E74AF61B4}.Debug|ARM64.ActiveCfg = Debug|Win32
		{9B7B7BF6-17BF-4A8C-B515-8E6E74AF61B4}.Debug|x64.ActiveCfg = Debug|x64
		{9B7B7BF6-17BF-4A8C-B515-8E6E74AF61B4}.Debug|x64.Build.0 = Debug|x64
		{9B7B7BF6-17BF-4A8C-B515-8E6E74AF61B4}.Debug|x86.ActiveCfg = Debug|Win32
		{9B7B7BF6-17BF-4A8C-B515-8E6E74AF61B4}.Debug|x86.Build.0 = Debug|Win32
		{9B7B7BF6-17BF-4A8C-B515-8E6E74AF61B4}.OnPublic|Any CPU.ActiveCfg = OnPublic|Win32
		{9B7B7BF6-17BF-4A8C-B515-8E6E74AF61B4}.OnPublic|ARM.ActiveCfg = OnPublic|Win32
		{9B7B7BF6-17BF-4A8C-B515-8E6E74AF61B4}.OnPublic|ARM64.ActiveCfg = OnPublic|Win32
		{9B7B7BF6-17BF-4A8C-B515-8E6E74AF61B4}.OnPublic|x64.ActiveCfg = OnPublic|x64
		{9B7B7BF6-17BF-4A8C-B515-8E6E74AF61B4}.OnPublic|x64.Build.0 = OnPublic|x64
		{9B7B7BF6-17BF-4A8C-B515-8E6E74AF61B4}.OnPublic|x86.ActiveCfg = Release|Win32
		{9B7B7BF6-17BF-4A8C-B515-8E6E74AF61B4}.OnPublic|x86.Build.0 = Release|Win32
		{9B7B7BF6-17BF-4A8C-B515-8E6E74AF61B4}.Release|Any CPU.ActiveCfg = Release|Win32
		{9B7B7BF6-17BF-4A8C-B515-8E6E74AF61B4}.Release|ARM.ActiveCfg = Release|Win32
		{9B7B7BF6-17BF-4A8C-B515-8E6E74AF61B4}.Release|ARM64.ActiveCfg = Release|Win32
		{9B7B7BF6-17BF-4A8C-B515-8E6E74AF61B4}.Release|x64.ActiveCfg = Release|x64
		{9B7B7BF6-17BF-4A8C-B515-8E6E74AF61B4}.Release|x64.Build.0 = Release|x64
		{9B7B7BF6-17BF-4A8C-B515-8E6E74AF61B4}.Release|x86.ActiveCfg = Release|Win32
		{9B7B7BF6-17BF-4A8C-B515-8E6E74AF61B4}.Release|x86.Build.0 = Release|Win32
	EndGlobalSection
	GlobalSection(SolutionProperties) = preSolution
		HideSolutionNode = FALSE
	EndGlobalSection
	GlobalSection(ExtensibilityGlobals) = postSolution
		SolutionGuid = {8C018022-5D30-4D11-A2F9-606B0398FC4B}
	EndGlobalSection
EndGlobal
